
Microsoft Visual Studio Solution File, Format Version 12.00
# Visual Studio Version 16
VisualStudioVersion = 16.0.30907.101
MinimumVisualStudioVersion = 10.0.40219.1
Project("{9A19103F-16F7-4668-BE54-9A1E7A4F7556}") = "Methods", "Methods\Methods.csproj", "{6A3BCD31-F219-4782-A75B-DA0E18557F40}"
EndProject
Project("{9A19103F-16F7-4668-BE54-9A1E7A4F7556}") = "RefAndOutKeywords", "RefAndOutKeywords\RefAndOutKeywords.csproj", "{3B5A152B-EC84-428F-8F0D-1E1445F7517C}"
EndProject
Project("{9A19103F-16F7-4668-BE54-9A1E7A4F7556}") = "OOP", "OOP\OOP.csproj", "{BDCC10C3-E674-480F-AC7E-B66A5AE945BF}"
EndProject
Project("{9A19103F-16F7-4668-BE54-9A1E7A4F7556}") = "Generics", "Generics\Generics.csproj", "{108DB5E5-E548-4F3E-A07F-B60FB2AC93E5}"
EndProject
Project("{9A19103F-16F7-4668-BE54-9A1E7A4F7556}") = "OOP2", "OOP2\OOP2.csproj", "{A25DCC86-0F3F-4115-8BD5-DDAF93E4F0AA}"
EndProject
Project("{9A19103F-16F7-4668-BE54-9A1E7A4F7556}") = "OOP3", "OOP3\OOP3.csproj", "{D6CE6243-1EB8-4F80-832A-2B33B1DEC23E}"
EndProject
Project("{FAE04EC0-301F-11D3-BF4B-00C04F79EFBC}") = "GameStore", "GameStore\GameStore.csproj", "{2132D19D-48B4-44DD-8A05-3A7BC3DBB374}"
EndProject
Global
	GlobalSection(SolutionConfigurationPlatforms) = preSolution
		Debug|Any CPU = Debug|Any CPU
		Release|Any CPU = Release|Any CPU
	EndGlobalSection
	GlobalSection(ProjectConfigurationPlatforms) = postSolution
		{6A3BCD31-F219-4782-A75B-DA0E18557F40}.Debug|Any CPU.ActiveCfg = Debug|Any CPU
		{6A3BCD31-F219-4782-A75B-DA0E18557F40}.Debug|Any CPU.Build.0 = Debug|Any CPU
		{6A3BCD31-F219-4782-A75B-DA0E18557F40}.Release|Any CPU.ActiveCfg = Release|Any CPU
		{6A3BCD31-F219-4782-A75B-DA0E18557F40}.Release|Any CPU.Build.0 = Release|Any CPU
		{3B5A152B-EC84-428F-8F0D-1E1445F7517C}.Debug|Any CPU.ActiveCfg = Debug|Any CPU
		{3B5A152B-EC84-428F-8F0D-1E1445F7517C}.Debug|Any CPU.Build.0 = Debug|Any CPU
		{3B5A152B-EC84-428F-8F0D-1E1445F7517C}.Release|Any CPU.ActiveCfg = Release|Any CPU
		{3B5A152B-EC84-428F-8F0D-1E1445F7517C}.Release|Any CPU.Build.0 = Release|Any CPU
		{BDCC10C3-E674-480F-AC7E-B66A5AE945BF}.Debug|Any CPU.ActiveCfg = Debug|Any CPU
		{BDCC10C3-E674-480F-AC7E-B66A5AE945BF}.Debug|Any CPU.Build.0 = Debug|Any CPU
		{BDCC10C3-E674-480F-AC7E-B66A5AE945BF}.Release|Any CPU.ActiveCfg = Release|Any CPU
		{BDCC10C3-E674-480F-AC7E-B66A5AE945BF}.Release|Any CPU.Build.0 = Release|Any CPU
		{108DB5E5-E548-4F3E-A07F-B60FB2AC93E5}.Debug|Any CPU.ActiveCfg = Debug|Any CPU
		{108DB5E5-E548-4F3E-A07F-B60FB2AC93E5}.Debug|Any CPU.Build.0 = Debug|Any CPU
		{108DB5E5-E548-4F3E-A07F-B60FB2AC93E5}.Release|Any CPU.ActiveCfg = Release|Any CPU
		{108DB5E5-E548-4F3E-A07F-B60FB2AC93E5}.Release|Any CPU.Build.0 = Release|Any CPU
		{A25DCC86-0F3F-4115-8BD5-DDAF93E4F0AA}.Debug|Any CPU.ActiveCfg = Debug|Any CPU
		{A25DCC86-0F3F-4115-8BD5-DDAF93E4F0AA}.Debug|Any CPU.Build.0 = Debug|Any CPU
		{A25DCC86-0F3F-4115-8BD5-DDAF93E4F0AA}.Release|Any CPU.ActiveCfg = Release|Any CPU
		{A25DCC86-0F3F-4115-8BD5-DDAF93E4F0AA}.Release|Any CPU.Build.0 = Release|Any CPU
		{D6CE6243-1EB8-4F80-832A-2B33B1DEC23E}.Debug|Any CPU.ActiveCfg = Debug|Any CPU
		{D6CE6243-1EB8-4F80-832A-2B33B1DEC23E}.Debug|Any CPU.Build.0 = Debug|Any CPU
		{D6CE6243-1EB8-4F80-832A-2B33B1DEC23E}.Release|Any CPU.ActiveCfg = Release|Any CPU
		{D6CE6243-1EB8-4F80-832A-2B33B1DEC23E}.Release|Any CPU.Build.0 = Release|Any CPU
		{2132D19D-48B4-44DD-8A05-3A7BC3DBB374}.Debug|Any CPU.ActiveCfg = Debug|Any CPU
		{2132D19D-48B4-44DD-8A05-3A7BC3DBB374}.Debug|Any CPU.Build.0 = Debug|Any CPU
		{2132D19D-48B4-44DD-8A05-3A7BC3DBB374}.Release|Any CPU.ActiveCfg = Release|Any CPU
		{2132D19D-48B4-44DD-8A05-3A7BC3DBB374}.Release|Any CPU.Build.0 = Release|Any CPU
	EndGlobalSection
	GlobalSection(SolutionProperties) = preSolution
		HideSolutionNode = FALSE
	EndGlobalSection
	GlobalSection(ExtensibilityGlobals) = postSolution
		SolutionGuid = {DDD567F5-3F9C-448A-AE51-7BC1DA09E3F5}
	EndGlobalSection
EndGlobal
